<?xml version="1.0" encoding="UTF-8" standalone="yes" ?>
<CodeBlocks_project_file>
	<FileVersion major="1" minor="6" />
	<Project>
		<Option title="bim-solver-BSSN" />
		<Option pch_mode="2" />
		<Option compiler="gcc" />
		<Build>
			<Target title="Debug">
				<Option output="bin/Debug/bim-solver-BSSN" prefix_auto="1" extension_auto="1" />
				<Option working_dir="run/" />
				<Option object_output="obj/Debug/" />
				<Option type="1" />
				<Option compiler="gcc" />
				<Option parameters="config.ini" />
				<Compiler>
					<Add option="-g" />
					<Add option="-D_DEBUG" />
				</Compiler>
				<Linker>
					<Add option="-g" />
				</Linker>
			</Target>
			<Target title="Release">
				<Option output="bin/Release/bim-solver-BSSN" prefix_auto="1" extension_auto="1" />
				<Option working_dir="run/" />
				<Option object_output="obj/Release/" />
				<Option type="1" />
				<Option compiler="gcc" />
				<Option parameters="config.ini" />
				<Compiler>
					<Add option="-O3" />
					<Add option="-fopenmp" />
				</Compiler>
				<Linker>
					<Add option="-s" />
					<Add option="-static" />
					<Add option="-fopenmp" />
				</Linker>
			</Target>
		</Build>
		<Compiler>
			<Add option="-pedantic" />
			<Add option="-Wall" />
			<Add option="-std=c++14" />
			<Add option="-m64" />
			<Add option="-DV_SIGN=-" />
			<Add option="-DCFDS_ORDER=6" />
			<Add option="-D_EVOLVE_DSIG=1" />
			<Add directory="include" />
		</Compiler>
		<Linker>
			<Add option="-m64" />
		</Linker>
		<Unit filename="src/bim-solver-BSSN.cpp" />
		<Unit filename="include/bimetricModel.h" />
		<Unit filename="include/cBSSNmaximalSlice.h" />
		<Unit filename="include/documentation.h" />
		<Unit filename="include/eom-BSSN.h" />
		<Unit filename="include/eom-BSSN/eomBSSNBimetricSourcesReg.h" />
		<Unit filename="include/eom-BSSN/eomBSSNBonaMassoReg.h" />
		<Unit filename="include/eom-BSSN/eomBSSNConstraintsReg.h" />
		<Unit filename="include/eom-BSSN/eomBSSNEvolutionDR.h" />
		<Unit filename="include/eom-BSSN/eomBSSNEvolutionReg.h" />
		<Unit filename="include/eom-BSSN/eomBSSNLapseRatiosReg.h" />
		<Unit filename="include/eom-BSSN/eomBSSNMatterReg.h" />
		<Unit filename="include/eom-BSSN/eomBSSNMiscEquationsReg.h" />
		<Unit filename="include/eom-BSSN/eomBSSNObserver.h" />
		<Unit filename="include/eom-BSSN/eomBSSNSourcesReg.h" />
		<Unit filename="include/eom-BSSN/eomGauge.h" />
		<Unit filename="include/grid/gridDriver.h" />
		<Unit filename="include/grid/gridFunctions.h" />
		<Unit filename="include/grid/gridInitialData.h" />
		<Unit filename="include/grid/gridOutput.h" />
		<Unit filename="include/grid/integrator.h" />
		<Unit filename="include/maximalSlice.h" />
		<Unit filename="include/numMethods.h" />
		<Unit filename="include/numMethods/SavitzkyGolayCoeff.h" />
		<Unit filename="include/numMethods/adaptive_MoL.h" />
		<Unit filename="include/numMethods/bandSol.h" />
		<Unit filename="include/numMethods/cubicSpline.h" />
		<Unit filename="include/numMethods/dataTypes.h" />
		<Unit filename="include/numMethods/finiteDifferences.h" />
		<Unit filename="include/numMethods/matrix.h" />
		<Unit filename="include/numMethods/methodOfLines.h" />
		<Unit filename="include/sys/hpc.h" />
		<Unit filename="include/sys/lowess.h" />
		<Unit filename="include/sys/mpiDummyWorld.h" />
		<Unit filename="include/sys/mpiWorld.h" />
		<Unit filename="include/sys/paramsHolder.h" />
		<Unit filename="include/sys/slog.h" />
		<Unit filename="include/sys/trackUsedTime.h" />
		<Extensions>
			<code_completion />
			<envvars />
			<debugger />
			<lib_finder disable_auto="1" />
		</Extensions>
	</Project>
</CodeBlocks_project_file>
