<?xml version="1.0" encoding="UTF-8" standalone="yes" ?>
<CodeBlocks_project_file>
	<FileVersion major="1" minor="6" />
	<Project>
		<Option title="bispec" />
		<Option pch_mode="2" />
		<Option compiler="gcc" />
		<Build>
			<Target title="Debug">
				<Option output="bin/Debug/bispec" prefix_auto="1" extension_auto="1" />
				<Option object_output="obj/Debug/" />
				<Option type="1" />
				<Option compiler="gcc" />
				<Compiler>
					<Add option="-g" />
				</Compiler>
			</Target>
			<Target title="Release">
				<Option output="bin/Release/bispec" prefix_auto="1" extension_auto="1" />
				<Option object_output="obj/Release/" />
				<Option type="1" />
				<Option compiler="gcc" />
				<Compiler>
					<Add option="-O2" />
				</Compiler>
				<Linker>
					<Add option="-s" />
				</Linker>
			</Target>
		</Build>
		<Compiler>
			<Add option="-Wall" />
		</Compiler>
		<Unit filename="include/bimetricModel.h" />
		<Unit filename="include/eom-BSSN/eomBSSNEvolutionCompEul.h" />
		<Unit filename="include/eom-BSSN/eomBSSNKDGaugeComp.h" />
		<Unit filename="include/eom-BSSN/eomBSSNRicciComp.h" />
		<Unit filename="include/eom-BSSN/eomBSSNSourcesCompEul.h" />
		<Unit filename="include/numMethods/dataTypes.h" />
		<Unit filename="include/sys/paramsHolder.h" />
		<Unit filename="include/sys/slog.h" />
		<Unit filename="src/bispec.cpp" />
		<Extensions>
			<code_completion />
			<envvars />
			<debugger />
			<lib_finder disable_auto="1" />
		</Extensions>
	</Project>
</CodeBlocks_project_file>
